
Microsoft Visual Studio Solution File, Format Version 12.00
# Visual Studio 14
VisualStudioVersion = 14.0.25420.1
MinimumVisualStudioVersion = 10.0.40219.1
Project("{FAE04EC0-301F-11D3-BF4B-00C04F79EFBC}") = "AMS", "Main\AMS.csproj", "{F15790F2-2FE8-4AF9-B281-D7957294C535}"
EndProject
Global
	GlobalSection(SolutionConfigurationPlatforms) = preSolution
		Debug|Any CPU = Debug|Any CPU
		Release|Any CPU = Release|Any CPU
	EndGlobalSection
	GlobalSection(ProjectConfigurationPlatforms) = postSolution
		{F15790F2-2FE8-4AF9-B281-D7957294C535}.Debug|Any CPU.ActiveCfg = Debug|Any CPU
		{F15790F2-2FE8-4AF9-B281-D7957294C535}.Debug|Any CPU.Build.0 = Debug|Any CPU
		{F15790F2-2FE8-4AF9-B281-D7957294C535}.Release|Any CPU.ActiveCfg = Release|Any CPU
		{F15790F2-2FE8-4AF9-B281-D7957294C535}.Release|Any CPU.Build.0 = Release|Any CPU
	EndGlobalSection
	GlobalSection(SolutionProperties) = preSolution
		HideSolutionNode = FALSE
	EndGlobalSection
	GlobalSection(TeamFoundationVersionControl) = preSolution
		SccNumberOfProjects = 1
		SccEnterpriseProvider = {4CA58AB2-18FA-4F8D-95D4-32DDF27D184C}
		SccTeamFoundationServer = https://desktopapplicationserver.visualstudio.com/
		SccProjectUniqueName0 = Main\\AMS.csproj
		SccProjectName0 = Main
		SccAuxPath0 = https://desktopapplicationserver.visualstudio.com
		SccLocalPath0 = Main
		SccProvider0 = {4CA58AB2-18FA-4F8D-95D4-32DDF27D184C}
	EndGlobalSection
EndGlobal
